
Microsoft Visual Studio Solution File, Format Version 12.00
# Visual Studio Version 16
VisualStudioVersion = 16.0.33529.622
MinimumVisualStudioVersion = 10.0.40219.1
Project("{FAE04EC0-301F-11D3-BF4B-00C04F79EFBC}") = "metotlar", "metotlar.csproj", "{05757CA9-C2D4-4A44-9346-EFE8E6E57C3D}"
EndProject
Global
	GlobalSection(SolutionConfigurationPlatforms) = preSolution
		Debug|Any CPU = Debug|Any CPU
		Release|Any CPU = Release|Any CPU
	EndGlobalSection
	GlobalSection(ProjectConfigurationPlatforms) = postSolution
		{05757CA9-C2D4-4A44-9346-EFE8E6E57C3D}.Debug|Any CPU.ActiveCfg = Debug|Any CPU
		{05757CA9-C2D4-4A44-9346-EFE8E6E57C3D}.Debug|Any CPU.Build.0 = Debug|Any CPU
		{05757CA9-C2D4-4A44-9346-EFE8E6E57C3D}.Release|Any CPU.ActiveCfg = Release|Any CPU
		{05757CA9-C2D4-4A44-9346-EFE8E6E57C3D}.Release|Any CPU.Build.0 = Release|Any CPU
	EndGlobalSection
	GlobalSection(SolutionProperties) = preSolution
		HideSolutionNode = FALSE
	EndGlobalSection
	GlobalSection(ExtensibilityGlobals) = postSolution
		SolutionGuid = {F5292701-6CF6-48CD-8137-DCE5AC38A1DC}
	EndGlobalSection
EndGlobal
