
Microsoft Visual Studio Solution File, Format Version 12.00
# Visual Studio Version 16
VisualStudioVersion = 16.0.33529.622
MinimumVisualStudioVersion = 10.0.40219.1
Project("{FAE04EC0-301F-11D3-BF4B-00C04F79EFBC}") = "metotlar_iki", "metotlar_iki.csproj", "{B74875C8-B38B-4A89-B54B-3853D727405F}"
EndProject
Global
	GlobalSection(SolutionConfigurationPlatforms) = preSolution
		Debug|Any CPU = Debug|Any CPU
		Release|Any CPU = Release|Any CPU
	EndGlobalSection
	GlobalSection(ProjectConfigurationPlatforms) = postSolution
		{B74875C8-B38B-4A89-B54B-3853D727405F}.Debug|Any CPU.ActiveCfg = Debug|Any CPU
		{B74875C8-B38B-4A89-B54B-3853D727405F}.Debug|Any CPU.Build.0 = Debug|Any CPU
		{B74875C8-B38B-4A89-B54B-3853D727405F}.Release|Any CPU.ActiveCfg = Release|Any CPU
		{B74875C8-B38B-4A89-B54B-3853D727405F}.Release|Any CPU.Build.0 = Release|Any CPU
	EndGlobalSection
	GlobalSection(SolutionProperties) = preSolution
		HideSolutionNode = FALSE
	EndGlobalSection
	GlobalSection(ExtensibilityGlobals) = postSolution
		SolutionGuid = {8685CEFB-802C-4A3E-ACC9-85A02CC098F8}
	EndGlobalSection
EndGlobal
