
Microsoft Visual Studio Solution File, Format Version 12.00
# Visual Studio Version 16
VisualStudioVersion = 16.0.33529.622
MinimumVisualStudioVersion = 10.0.40219.1
Project("{FAE04EC0-301F-11D3-BF4B-00C04F79EFBC}") = "dongulerde_karar_yapisi_uc", "dongulerde_karar_yapisi_uc\dongulerde_karar_yapisi_uc.csproj", "{D4082581-A1BB-4014-B4AA-8CFE3D6FF324}"
EndProject
Global
	GlobalSection(SolutionConfigurationPlatforms) = preSolution
		Debug|Any CPU = Debug|Any CPU
		Release|Any CPU = Release|Any CPU
	EndGlobalSection
	GlobalSection(ProjectConfigurationPlatforms) = postSolution
		{D4082581-A1BB-4014-B4AA-8CFE3D6FF324}.Debug|Any CPU.ActiveCfg = Debug|Any CPU
		{D4082581-A1BB-4014-B4AA-8CFE3D6FF324}.Debug|Any CPU.Build.0 = Debug|Any CPU
		{D4082581-A1BB-4014-B4AA-8CFE3D6FF324}.Release|Any CPU.ActiveCfg = Release|Any CPU
		{D4082581-A1BB-4014-B4AA-8CFE3D6FF324}.Release|Any CPU.Build.0 = Release|Any CPU
	EndGlobalSection
	GlobalSection(SolutionProperties) = preSolution
		HideSolutionNode = FALSE
	EndGlobalSection
	GlobalSection(ExtensibilityGlobals) = postSolution
		SolutionGuid = {FBEB301B-226E-43C0-A26C-29C8C7C59892}
	EndGlobalSection
EndGlobal
