
Microsoft Visual Studio Solution File, Format Version 12.00
# Visual Studio Version 16
VisualStudioVersion = 16.0.33529.622
MinimumVisualStudioVersion = 10.0.40219.1
Project("{FAE04EC0-301F-11D3-BF4B-00C04F79EFBC}") = "char_degiskenler", "char_degiskenler\char_degiskenler.csproj", "{3AC3ABB7-FC3F-4CB5-8ABF-411D79E01646}"
EndProject
Global
	GlobalSection(SolutionConfigurationPlatforms) = preSolution
		Debug|Any CPU = Debug|Any CPU
		Release|Any CPU = Release|Any CPU
	EndGlobalSection
	GlobalSection(ProjectConfigurationPlatforms) = postSolution
		{3AC3ABB7-FC3F-4CB5-8ABF-411D79E01646}.Debug|Any CPU.ActiveCfg = Debug|Any CPU
		{3AC3ABB7-FC3F-4CB5-8ABF-411D79E01646}.Debug|Any CPU.Build.0 = Debug|Any CPU
		{3AC3ABB7-FC3F-4CB5-8ABF-411D79E01646}.Release|Any CPU.ActiveCfg = Release|Any CPU
		{3AC3ABB7-FC3F-4CB5-8ABF-411D79E01646}.Release|Any CPU.Build.0 = Release|Any CPU
	EndGlobalSection
	GlobalSection(SolutionProperties) = preSolution
		HideSolutionNode = FALSE
	EndGlobalSection
	GlobalSection(ExtensibilityGlobals) = postSolution
		SolutionGuid = {EAD7BC3F-8FAB-46CE-9595-0D4A406CFEE7}
	EndGlobalSection
EndGlobal
